
Microsoft Visual Studio Solution File, Format Version 12.00
# Visual Studio Version 16
VisualStudioVersion = 16.0.30523.141
MinimumVisualStudioVersion = 10.0.40219.1
Project("{FAE04EC0-301F-11D3-BF4B-00C04F79EFBC}") = "FP_2020_10_13_EX_1", "FP_2020_10_13_EX_1\FP_2020_10_13_EX_1.csproj", "{6C34DD38-AA08-484F-BCAD-892D3B3AC469}"
EndProject
Global
	GlobalSection(SolutionConfigurationPlatforms) = preSolution
		Debug|Any CPU = Debug|Any CPU
		Release|Any CPU = Release|Any CPU
	EndGlobalSection
	GlobalSection(ProjectConfigurationPlatforms) = postSolution
		{6C34DD38-AA08-484F-BCAD-892D3B3AC469}.Debug|Any CPU.ActiveCfg = Debug|Any CPU
		{6C34DD38-AA08-484F-BCAD-892D3B3AC469}.Debug|Any CPU.Build.0 = Debug|Any CPU
		{6C34DD38-AA08-484F-BCAD-892D3B3AC469}.Release|Any CPU.ActiveCfg = Release|Any CPU
		{6C34DD38-AA08-484F-BCAD-892D3B3AC469}.Release|Any CPU.Build.0 = Release|Any CPU
	EndGlobalSection
	GlobalSection(SolutionProperties) = preSolution
		HideSolutionNode = FALSE
	EndGlobalSection
	GlobalSection(ExtensibilityGlobals) = postSolution
		SolutionGuid = {8E669813-F726-48AD-9321-0F11FB214D4C}
	EndGlobalSection
EndGlobal
