
Microsoft Visual Studio Solution File, Format Version 12.00
# Visual Studio Version 16
VisualStudioVersion = 16.0.30523.141
MinimumVisualStudioVersion = 10.0.40219.1
Project("{FAE04EC0-301F-11D3-BF4B-00C04F79EFBC}") = "FP_CURS_01(oct27)", "FP_CURS_01(oct27)\FP_CURS_01(oct27).csproj", "{151B8983-75BC-4AA8-9A6E-92E33BBA1D04}"
EndProject
Global
	GlobalSection(SolutionConfigurationPlatforms) = preSolution
		Debug|Any CPU = Debug|Any CPU
		Release|Any CPU = Release|Any CPU
	EndGlobalSection
	GlobalSection(ProjectConfigurationPlatforms) = postSolution
		{151B8983-75BC-4AA8-9A6E-92E33BBA1D04}.Debug|Any CPU.ActiveCfg = Debug|Any CPU
		{151B8983-75BC-4AA8-9A6E-92E33BBA1D04}.Debug|Any CPU.Build.0 = Debug|Any CPU
		{151B8983-75BC-4AA8-9A6E-92E33BBA1D04}.Release|Any CPU.ActiveCfg = Release|Any CPU
		{151B8983-75BC-4AA8-9A6E-92E33BBA1D04}.Release|Any CPU.Build.0 = Release|Any CPU
	EndGlobalSection
	GlobalSection(SolutionProperties) = preSolution
		HideSolutionNode = FALSE
	EndGlobalSection
	GlobalSection(ExtensibilityGlobals) = postSolution
		SolutionGuid = {FF85EDA3-7184-439E-B2F8-BC11465BA597}
	EndGlobalSection
EndGlobal
